
Microsoft Visual Studio Solution File, Format Version 12.00
# Visual Studio 15
VisualStudioVersion = 15.0.28307.168
MinimumVisualStudioVersion = 10.0.40219.1
Project("{FAE04EC0-301F-11D3-BF4B-00C04F79EFBC}") = "Calculator2", "Calculator2\Calculator2.csproj", "{F98AA09F-D5B3-4C80-B817-1468F2EC3006}"
EndProject
Global
	GlobalSection(SolutionConfigurationPlatforms) = preSolution
		Debug|Any CPU = Debug|Any CPU
		Release|Any CPU = Release|Any CPU
	EndGlobalSection
	GlobalSection(ProjectConfigurationPlatforms) = postSolution
		{F98AA09F-D5B3-4C80-B817-1468F2EC3006}.Debug|Any CPU.ActiveCfg = Debug|Any CPU
		{F98AA09F-D5B3-4C80-B817-1468F2EC3006}.Debug|Any CPU.Build.0 = Debug|Any CPU
		{F98AA09F-D5B3-4C80-B817-1468F2EC3006}.Release|Any CPU.ActiveCfg = Release|Any CPU
		{F98AA09F-D5B3-4C80-B817-1468F2EC3006}.Release|Any CPU.Build.0 = Release|Any CPU
	EndGlobalSection
	GlobalSection(SolutionProperties) = preSolution
		HideSolutionNode = FALSE
	EndGlobalSection
	GlobalSection(ExtensibilityGlobals) = postSolution
		SolutionGuid = {81C8D56A-07FA-4658-8728-2DFB28FB9D24}
	EndGlobalSection
EndGlobal
